// !$*UTF8*$!
{
	archiveVersion = 1;
	classes = {
	};
	objectVersion = 50;
	objects = {

/* Begin PBXBuildFile section */
		D61CFC6D26F459BE00A325ED /* Notifier.swift in Sources */ = {isa = PBXBuildFile; fileRef = D61CFC6C26F459BE00A325ED /* Notifier.swift */; };
		D61CFC6F26F45A0700A325ED /* BaseDecorator.swift in Sources */ = {isa = PBXBuildFile; fileRef = D61CFC6E26F45A0700A325ED /* BaseDecorator.swift */; };
		D61CFC7126F45A9E00A325ED /* SMSDecorator.swift in Sources */ = {isa = PBXBuildFile; fileRef = D61CFC7026F45A9E00A325ED /* SMSDecorator.swift */; };
		D61CFC7326F45B2B00A325ED /* WeChatDecorator.swift in Sources */ = {isa = PBXBuildFile; fileRef = D61CFC7226F45B2B00A325ED /* WeChatDecorator.swift */; };
		D61CFC7526F45B9000A325ED /* QQDecorator.swift in Sources */ = {isa = PBXBuildFile; fileRef = D61CFC7426F45B9000A325ED /* QQDecorator.swift */; };
		D61CFC7726F470C300A325ED /* MailNotifier.swift in Sources */ = {isa = PBXBuildFile; fileRef = D61CFC7626F470C300A325ED /* MailNotifier.swift */; };
		D632281B2710090700497EF0 /* Invoker.swift in Sources */ = {isa = PBXBuildFile; fileRef = D632281A2710090700497EF0 /* Invoker.swift */; };
		D632281F27101F2100497EF0 /* WordsCollection.swift in Sources */ = {isa = PBXBuildFile; fileRef = D632281E27101F2100497EF0 /* WordsCollection.swift */; };
		D63228602710587F00497EF0 /* Mediator.swift in Sources */ = {isa = PBXBuildFile; fileRef = D632285F2710587F00497EF0 /* Mediator.swift */; };
		D6322862271058CF00497EF0 /* Component.swift in Sources */ = {isa = PBXBuildFile; fileRef = D6322861271058CF00497EF0 /* Component.swift */; };
		D63228642710598D00497EF0 /* Component1.swift in Sources */ = {isa = PBXBuildFile; fileRef = D63228632710598D00497EF0 /* Component1.swift */; };
		D632286627105A3300497EF0 /* Component2.swift in Sources */ = {isa = PBXBuildFile; fileRef = D632286527105A3300497EF0 /* Component2.swift */; };
		D646A43526D5DBAC005876F3 /* AppDelegate.swift in Sources */ = {isa = PBXBuildFile; fileRef = D646A43426D5DBAC005876F3 /* AppDelegate.swift */; };
		D646A43726D5DBAC005876F3 /* ViewController.swift in Sources */ = {isa = PBXBuildFile; fileRef = D646A43626D5DBAC005876F3 /* ViewController.swift */; };
		D646A43926D5DBAD005876F3 /* Assets.xcassets in Resources */ = {isa = PBXBuildFile; fileRef = D646A43826D5DBAD005876F3 /* Assets.xcassets */; };
		D646A43C26D5DBAD005876F3 /* Main.storyboard in Resources */ = {isa = PBXBuildFile; fileRef = D646A43A26D5DBAD005876F3 /* Main.storyboard */; };
		D646A44826D5DBAD005876F3 /* design_patternTests.swift in Sources */ = {isa = PBXBuildFile; fileRef = D646A44726D5DBAD005876F3 /* design_patternTests.swift */; };
		D646A45326D5DBAD005876F3 /* design_patternUITests.swift in Sources */ = {isa = PBXBuildFile; fileRef = D646A45226D5DBAD005876F3 /* design_patternUITests.swift */; };
		D6BA91C827006AA400E75C7F /* VideoFile.swift in Sources */ = {isa = PBXBuildFile; fileRef = D6BA91C727006AA400E75C7F /* VideoFile.swift */; };
		D6BA91CA27006B2400E75C7F /* OggCompressionCodec.swift in Sources */ = {isa = PBXBuildFile; fileRef = D6BA91C927006B2400E75C7F /* OggCompressionCodec.swift */; };
		D6BA91CC27006B6500E75C7F /* MPEG4CompressionCodec.swift in Sources */ = {isa = PBXBuildFile; fileRef = D6BA91CB27006B6500E75C7F /* MPEG4CompressionCodec.swift */; };
		D6BA91CE27006B7900E75C7F /* CodecFactory.swift in Sources */ = {isa = PBXBuildFile; fileRef = D6BA91CD27006B7900E75C7F /* CodecFactory.swift */; };
		D6BA91D027006B8900E75C7F /* BitrateReader.swift in Sources */ = {isa = PBXBuildFile; fileRef = D6BA91CF27006B8900E75C7F /* BitrateReader.swift */; };
		D6BA91D227006DA700E75C7F /* Codec.swift in Sources */ = {isa = PBXBuildFile; fileRef = D6BA91D127006DA600E75C7F /* Codec.swift */; };
		D6BA91D42700709800E75C7F /* VideoConverter.swift in Sources */ = {isa = PBXBuildFile; fileRef = D6BA91D32700709800E75C7F /* VideoConverter.swift */; };
		D6BA91D82700898600E75C7F /* TreeType.swift in Sources */ = {isa = PBXBuildFile; fileRef = D6BA91D72700898600E75C7F /* TreeType.swift */; };
		D6BA91DA27008A1B00E75C7F /* Tree.swift in Sources */ = {isa = PBXBuildFile; fileRef = D6BA91D927008A1B00E75C7F /* Tree.swift */; };
		D6BA91DC27008A9E00E75C7F /* TreeFactory.swift in Sources */ = {isa = PBXBuildFile; fileRef = D6BA91DB27008A9E00E75C7F /* TreeFactory.swift */; };
		D6BA91DE27008BE000E75C7F /* Forest.swift in Sources */ = {isa = PBXBuildFile; fileRef = D6BA91DD27008BE000E75C7F /* Forest.swift */; };
		D6BA92012701982D00E75C7F /* VideoProvider.swift in Sources */ = {isa = PBXBuildFile; fileRef = D6BA92002701982D00E75C7F /* VideoProvider.swift */; };
		D6BA92032702F73500E75C7F /* TencentVideoProvider.swift in Sources */ = {isa = PBXBuildFile; fileRef = D6BA92022702F73500E75C7F /* TencentVideoProvider.swift */; };
		D6BA92052702F7DC00E75C7F /* CacheVideoProvider.swift in Sources */ = {isa = PBXBuildFile; fileRef = D6BA92042702F7DC00E75C7F /* CacheVideoProvider.swift */; };
		D6BA9235270335D700E75C7F /* Handler.swift in Sources */ = {isa = PBXBuildFile; fileRef = D6BA9234270335D700E75C7F /* Handler.swift */; };
		D6BA9237270336B200E75C7F /* MonkeyHandler.swift in Sources */ = {isa = PBXBuildFile; fileRef = D6BA9236270336B200E75C7F /* MonkeyHandler.swift */; };
		D6BA92392703371C00E75C7F /* SquirrelHandler.swift in Sources */ = {isa = PBXBuildFile; fileRef = D6BA92382703371C00E75C7F /* SquirrelHandler.swift */; };
		D6BA923B2703376E00E75C7F /* DogHandler.swift in Sources */ = {isa = PBXBuildFile; fileRef = D6BA923A2703376E00E75C7F /* DogHandler.swift */; };
		D6BA923E27040A6100E75C7F /* Command.swift in Sources */ = {isa = PBXBuildFile; fileRef = D6BA923D27040A6100E75C7F /* Command.swift */; };
		D6BA924027040B1900E75C7F /* SimpleCommand.swift in Sources */ = {isa = PBXBuildFile; fileRef = D6BA923F27040B1900E75C7F /* SimpleCommand.swift */; };
		D6BA924227040C1D00E75C7F /* ComplexCommand.swift in Sources */ = {isa = PBXBuildFile; fileRef = D6BA924127040C1D00E75C7F /* ComplexCommand.swift */; };
		D6BA924427040CE100E75C7F /* Receiver.swift in Sources */ = {isa = PBXBuildFile; fileRef = D6BA924327040CE100E75C7F /* Receiver.swift */; };
		D6BAC6A526E1EB9A004FB3F0 /* Graphic.swift in Sources */ = {isa = PBXBuildFile; fileRef = D6BAC6A426E1EB9A004FB3F0 /* Graphic.swift */; };
		D6BAC6A726E1EBE0004FB3F0 /* Dot.swift in Sources */ = {isa = PBXBuildFile; fileRef = D6BAC6A626E1EBE0004FB3F0 /* Dot.swift */; };
		D6BAC6A926E1EC5D004FB3F0 /* GCircle.swift in Sources */ = {isa = PBXBuildFile; fileRef = D6BAC6A826E1EC5D004FB3F0 /* GCircle.swift */; };
		D6BAC6AB26E1ECFD004FB3F0 /* GraphicContainer.swift in Sources */ = {isa = PBXBuildFile; fileRef = D6BAC6AA26E1ECFD004FB3F0 /* GraphicContainer.swift */; };
		D6BAC6AD26E1F35D004FB3F0 /* Editor.swift in Sources */ = {isa = PBXBuildFile; fileRef = D6BAC6AC26E1F35D004FB3F0 /* Editor.swift */; };
		D6C5F1F426E0CF120041D621 /* Shape.swift in Sources */ = {isa = PBXBuildFile; fileRef = D6C5F1F326E0CF120041D621 /* Shape.swift */; };
		D6C5F1F626E0CF940041D621 /* Color.swift in Sources */ = {isa = PBXBuildFile; fileRef = D6C5F1F526E0CF940041D621 /* Color.swift */; };
		D6C5F1F826E0CFDE0041D621 /* Square.swift in Sources */ = {isa = PBXBuildFile; fileRef = D6C5F1F726E0CFDE0041D621 /* Square.swift */; };
		D6C5F1FA26E0CFFC0041D621 /* RedColor.swift in Sources */ = {isa = PBXBuildFile; fileRef = D6C5F1F926E0CFFC0041D621 /* RedColor.swift */; };
		D6C5F1FC26E0D0A80041D621 /* Circle.swift in Sources */ = {isa = PBXBuildFile; fileRef = D6C5F1FB26E0D0A80041D621 /* Circle.swift */; };
		D6C5F1FE26E0D10E0041D621 /* BlueColor.swift in Sources */ = {isa = PBXBuildFile; fileRef = D6C5F1FD26E0D10E0041D621 /* BlueColor.swift */; };
		D6EA0AB426D5EC5000C8B871 /* Creator.swift in Sources */ = {isa = PBXBuildFile; fileRef = D6EA0AB326D5EC5000C8B871 /* Creator.swift */; };
		D6EA0AB626D5EC8500C8B871 /* Product.swift in Sources */ = {isa = PBXBuildFile; fileRef = D6EA0AB526D5EC8500C8B871 /* Product.swift */; };
		D6EA0AB826D5ECFF00C8B871 /* ConcreteCreator1.swift in Sources */ = {isa = PBXBuildFile; fileRef = D6EA0AB726D5ECFF00C8B871 /* ConcreteCreator1.swift */; };
		D6EA0ABA26D5ED3A00C8B871 /* ConcreteProduct1.swift in Sources */ = {isa = PBXBuildFile; fileRef = D6EA0AB926D5ED3A00C8B871 /* ConcreteProduct1.swift */; };
		D6EA0ABC26D5EDF800C8B871 /* ConcreteCreator2.swift in Sources */ = {isa = PBXBuildFile; fileRef = D6EA0ABB26D5EDF800C8B871 /* ConcreteCreator2.swift */; };
		D6EA0ABE26D5EE1700C8B871 /* ConcreteProduct2.swift in Sources */ = {isa = PBXBuildFile; fileRef = D6EA0ABD26D5EE1700C8B871 /* ConcreteProduct2.swift */; };
		D6EA0AC026D5EED000C8B871 /* Client.swift in Sources */ = {isa = PBXBuildFile; fileRef = D6EA0ABF26D5EED000C8B871 /* Client.swift */; };
		D6EA0AC426D75E1E00C8B871 /* Chair.swift in Sources */ = {isa = PBXBuildFile; fileRef = D6EA0AC326D75E1E00C8B871 /* Chair.swift */; };
		D6EA0AC626D75E5F00C8B871 /* Sofa.swift in Sources */ = {isa = PBXBuildFile; fileRef = D6EA0AC526D75E5F00C8B871 /* Sofa.swift */; };
		D6EA0AC826D75ED900C8B871 /* FurnitureFactory.swift in Sources */ = {isa = PBXBuildFile; fileRef = D6EA0AC726D75ED900C8B871 /* FurnitureFactory.swift */; };
		D6EA0ACA26D762AD00C8B871 /* ModernChair.swift in Sources */ = {isa = PBXBuildFile; fileRef = D6EA0AC926D762AD00C8B871 /* ModernChair.swift */; };
		D6EA0ACC26D762F200C8B871 /* ModernSofa.swift in Sources */ = {isa = PBXBuildFile; fileRef = D6EA0ACB26D762F200C8B871 /* ModernSofa.swift */; };
		D6EA0ACE26D7634900C8B871 /* ModernStyleFurnitureFactory.swift in Sources */ = {isa = PBXBuildFile; fileRef = D6EA0ACD26D7634900C8B871 /* ModernStyleFurnitureFactory.swift */; };
		D6EA0AD026D763C300C8B871 /* ChineseChair.swift in Sources */ = {isa = PBXBuildFile; fileRef = D6EA0ACF26D763C300C8B871 /* ChineseChair.swift */; };
		D6EA0AD226D7640000C8B871 /* ChineseSofa.swift in Sources */ = {isa = PBXBuildFile; fileRef = D6EA0AD126D7640000C8B871 /* ChineseSofa.swift */; };
		D6EA0AD426D7643300C8B871 /* ChineseStyleFurnitureFactory.swift in Sources */ = {isa = PBXBuildFile; fileRef = D6EA0AD326D7643300C8B871 /* ChineseStyleFurnitureFactory.swift */; };
		D6EA0AD626D7647F00C8B871 /* XXXChair.swift in Sources */ = {isa = PBXBuildFile; fileRef = D6EA0AD526D7647F00C8B871 /* XXXChair.swift */; };
		D6EA0AD826D764BE00C8B871 /* XXXSofa.swift in Sources */ = {isa = PBXBuildFile; fileRef = D6EA0AD726D764BE00C8B871 /* XXXSofa.swift */; };
		D6EA0ADA26D7650200C8B871 /* XXXStyleFurnitureFactory.swift in Sources */ = {isa = PBXBuildFile; fileRef = D6EA0AD926D7650200C8B871 /* XXXStyleFurnitureFactory.swift */; };
		D6EA0ADE26D8AF9E00C8B871 /* HouseBuilder.swift in Sources */ = {isa = PBXBuildFile; fileRef = D6EA0ADD26D8AF9E00C8B871 /* HouseBuilder.swift */; };
		D6EA0AE026D8B03A00C8B871 /* House.swift in Sources */ = {isa = PBXBuildFile; fileRef = D6EA0ADF26D8B03A00C8B871 /* House.swift */; };
		D6EA0AE226D8EED300C8B871 /* SmallHouseBuilder.swift in Sources */ = {isa = PBXBuildFile; fileRef = D6EA0AE126D8EED300C8B871 /* SmallHouseBuilder.swift */; };
		D6EA0AE426D8EF2F00C8B871 /* SmallHouse.swift in Sources */ = {isa = PBXBuildFile; fileRef = D6EA0AE326D8EF2F00C8B871 /* SmallHouse.swift */; };
		D6EA0AE626D8F09200C8B871 /* PalaceBuilder.swift in Sources */ = {isa = PBXBuildFile; fileRef = D6EA0AE526D8F09200C8B871 /* PalaceBuilder.swift */; };
		D6EA0AE826D8F0B400C8B871 /* Palace.swift in Sources */ = {isa = PBXBuildFile; fileRef = D6EA0AE726D8F0B400C8B871 /* Palace.swift */; };
		D6EA0AEA26D904CB00C8B871 /* Director.swift in Sources */ = {isa = PBXBuildFile; fileRef = D6EA0AE926D904CB00C8B871 /* Director.swift */; };
		D6EA0AF126DC7CCE00C8B871 /* Animal.swift in Sources */ = {isa = PBXBuildFile; fileRef = D6EA0AF026DC7CCE00C8B871 /* Animal.swift */; };
		D6EA0AF326DC7E0200C8B871 /* Cat.swift in Sources */ = {isa = PBXBuildFile; fileRef = D6EA0AF226DC7E0200C8B871 /* Cat.swift */; };
		D6EA0AF726DCAD0A00C8B871 /* Singleton.swift in Sources */ = {isa = PBXBuildFile; fileRef = D6EA0AF626DCAD0A00C8B871 /* Singleton.swift */; };
		D6EA0B2C26DF407100C8B871 /* XMLProcesser.swift in Sources */ = {isa = PBXBuildFile; fileRef = D6EA0B2B26DF407100C8B871 /* XMLProcesser.swift */; };
		D6EA0B2E26DF411500C8B871 /* XMLAnalyzer.swift in Sources */ = {isa = PBXBuildFile; fileRef = D6EA0B2D26DF411500C8B871 /* XMLAnalyzer.swift */; };
		D6EA0B3026DF427000C8B871 /* JSONService.swift in Sources */ = {isa = PBXBuildFile; fileRef = D6EA0B2F26DF427000C8B871 /* JSONService.swift */; };
		D6EA0B3226DF447300C8B871 /* JSONServiceAdapter.swift in Sources */ = {isa = PBXBuildFile; fileRef = D6EA0B3126DF447300C8B871 /* JSONServiceAdapter.swift */; };
/* End PBXBuildFile section */

/* Begin PBXContainerItemProxy section */
		D646A44426D5DBAD005876F3 /* PBXContainerItemProxy */ = {
			isa = PBXContainerItemProxy;
			containerPortal = D646A42926D5DBAC005876F3 /* Project object */;
			proxyType = 1;
			remoteGlobalIDString = D646A43026D5DBAC005876F3;
			remoteInfo = "design-pattern";
		};
		D646A44F26D5DBAD005876F3 /* PBXContainerItemProxy */ = {
			isa = PBXContainerItemProxy;
			containerPortal = D646A42926D5DBAC005876F3 /* Project object */;
			proxyType = 1;
			remoteGlobalIDString = D646A43026D5DBAC005876F3;
			remoteInfo = "design-pattern";
		};
/* End PBXContainerItemProxy section */

/* Begin PBXFileReference section */
		D61CFC6C26F459BE00A325ED /* Notifier.swift */ = {isa = PBXFileReference; lastKnownFileType = sourcecode.swift; path = Notifier.swift; sourceTree = "<group>"; };
		D61CFC6E26F45A0700A325ED /* BaseDecorator.swift */ = {isa = PBXFileReference; lastKnownFileType = sourcecode.swift; path = BaseDecorator.swift; sourceTree = "<group>"; };
		D61CFC7026F45A9E00A325ED /* SMSDecorator.swift */ = {isa = PBXFileReference; lastKnownFileType = sourcecode.swift; path = SMSDecorator.swift; sourceTree = "<group>"; };
		D61CFC7226F45B2B00A325ED /* WeChatDecorator.swift */ = {isa = PBXFileReference; lastKnownFileType = sourcecode.swift; path = WeChatDecorator.swift; sourceTree = "<group>"; };
		D61CFC7426F45B9000A325ED /* QQDecorator.swift */ = {isa = PBXFileReference; lastKnownFileType = sourcecode.swift; path = QQDecorator.swift; sourceTree = "<group>"; };
		D61CFC7626F470C300A325ED /* MailNotifier.swift */ = {isa = PBXFileReference; lastKnownFileType = sourcecode.swift; path = MailNotifier.swift; sourceTree = "<group>"; };
		D630AADB26FB774900D5ECC0 /* README.md */ = {isa = PBXFileReference; lastKnownFileType = net.daringfireball.markdown; path = README.md; sourceTree = "<group>"; };
		D632281A2710090700497EF0 /* Invoker.swift */ = {isa = PBXFileReference; lastKnownFileType = sourcecode.swift; path = Invoker.swift; sourceTree = "<group>"; };
		D632281C2710161900497EF0 /* README.md */ = {isa = PBXFileReference; lastKnownFileType = net.daringfireball.markdown; path = README.md; sourceTree = "<group>"; };
		D632281E27101F2100497EF0 /* WordsCollection.swift */ = {isa = PBXFileReference; lastKnownFileType = sourcecode.swift; path = WordsCollection.swift; sourceTree = "<group>"; };
		D6322820271023A500497EF0 /* README.md */ = {isa = PBXFileReference; lastKnownFileType = net.daringfireball.markdown; path = README.md; sourceTree = "<group>"; };
		D632285E2710484B00497EF0 /* README.md */ = {isa = PBXFileReference; lastKnownFileType = net.daringfireball.markdown; path = README.md; sourceTree = "<group>"; };
		D632285F2710587F00497EF0 /* Mediator.swift */ = {isa = PBXFileReference; lastKnownFileType = sourcecode.swift; path = Mediator.swift; sourceTree = "<group>"; };
		D6322861271058CF00497EF0 /* Component.swift */ = {isa = PBXFileReference; lastKnownFileType = sourcecode.swift; path = Component.swift; sourceTree = "<group>"; };
		D63228632710598D00497EF0 /* Component1.swift */ = {isa = PBXFileReference; lastKnownFileType = sourcecode.swift; path = Component1.swift; sourceTree = "<group>"; };
		D632286527105A3300497EF0 /* Component2.swift */ = {isa = PBXFileReference; lastKnownFileType = sourcecode.swift; path = Component2.swift; sourceTree = "<group>"; };
		D646A43126D5DBAC005876F3 /* design-pattern.app */ = {isa = PBXFileReference; explicitFileType = wrapper.application; includeInIndex = 0; path = "design-pattern.app"; sourceTree = BUILT_PRODUCTS_DIR; };
		D646A43426D5DBAC005876F3 /* AppDelegate.swift */ = {isa = PBXFileReference; lastKnownFileType = sourcecode.swift; path = AppDelegate.swift; sourceTree = "<group>"; };
		D646A43626D5DBAC005876F3 /* ViewController.swift */ = {isa = PBXFileReference; lastKnownFileType = sourcecode.swift; path = ViewController.swift; sourceTree = "<group>"; };
		D646A43826D5DBAD005876F3 /* Assets.xcassets */ = {isa = PBXFileReference; lastKnownFileType = folder.assetcatalog; path = Assets.xcassets; sourceTree = "<group>"; };
		D646A43B26D5DBAD005876F3 /* Base */ = {isa = PBXFileReference; lastKnownFileType = file.storyboard; name = Base; path = Base.lproj/Main.storyboard; sourceTree = "<group>"; };
		D646A43D26D5DBAD005876F3 /* Info.plist */ = {isa = PBXFileReference; lastKnownFileType = text.plist.xml; path = Info.plist; sourceTree = "<group>"; };
		D646A43E26D5DBAD005876F3 /* design_pattern.entitlements */ = {isa = PBXFileReference; lastKnownFileType = text.plist.entitlements; path = design_pattern.entitlements; sourceTree = "<group>"; };
		D646A44326D5DBAD005876F3 /* design-patternTests.xctest */ = {isa = PBXFileReference; explicitFileType = wrapper.cfbundle; includeInIndex = 0; path = "design-patternTests.xctest"; sourceTree = BUILT_PRODUCTS_DIR; };
		D646A44726D5DBAD005876F3 /* design_patternTests.swift */ = {isa = PBXFileReference; lastKnownFileType = sourcecode.swift; path = design_patternTests.swift; sourceTree = "<group>"; };
		D646A44926D5DBAD005876F3 /* Info.plist */ = {isa = PBXFileReference; lastKnownFileType = text.plist.xml; path = Info.plist; sourceTree = "<group>"; };
		D646A44E26D5DBAD005876F3 /* design-patternUITests.xctest */ = {isa = PBXFileReference; explicitFileType = wrapper.cfbundle; includeInIndex = 0; path = "design-patternUITests.xctest"; sourceTree = BUILT_PRODUCTS_DIR; };
		D646A45226D5DBAD005876F3 /* design_patternUITests.swift */ = {isa = PBXFileReference; lastKnownFileType = sourcecode.swift; path = design_patternUITests.swift; sourceTree = "<group>"; };
		D646A45426D5DBAD005876F3 /* Info.plist */ = {isa = PBXFileReference; lastKnownFileType = text.plist.xml; path = Info.plist; sourceTree = "<group>"; };
		D6BA91C6270067B900E75C7F /* README.md */ = {isa = PBXFileReference; lastKnownFileType = net.daringfireball.markdown; path = README.md; sourceTree = "<group>"; };
		D6BA91C727006AA400E75C7F /* VideoFile.swift */ = {isa = PBXFileReference; lastKnownFileType = sourcecode.swift; path = VideoFile.swift; sourceTree = "<group>"; };
		D6BA91C927006B2400E75C7F /* OggCompressionCodec.swift */ = {isa = PBXFileReference; lastKnownFileType = sourcecode.swift; path = OggCompressionCodec.swift; sourceTree = "<group>"; };
		D6BA91CB27006B6500E75C7F /* MPEG4CompressionCodec.swift */ = {isa = PBXFileReference; lastKnownFileType = sourcecode.swift; path = MPEG4CompressionCodec.swift; sourceTree = "<group>"; };
		D6BA91CD27006B7900E75C7F /* CodecFactory.swift */ = {isa = PBXFileReference; lastKnownFileType = sourcecode.swift; path = CodecFactory.swift; sourceTree = "<group>"; };
		D6BA91CF27006B8900E75C7F /* BitrateReader.swift */ = {isa = PBXFileReference; lastKnownFileType = sourcecode.swift; path = BitrateReader.swift; sourceTree = "<group>"; };
		D6BA91D127006DA600E75C7F /* Codec.swift */ = {isa = PBXFileReference; lastKnownFileType = sourcecode.swift; path = Codec.swift; sourceTree = "<group>"; };
		D6BA91D32700709800E75C7F /* VideoConverter.swift */ = {isa = PBXFileReference; lastKnownFileType = sourcecode.swift; path = VideoConverter.swift; sourceTree = "<group>"; };
		D6BA91D62700890400E75C7F /* README.md */ = {isa = PBXFileReference; lastKnownFileType = net.daringfireball.markdown; path = README.md; sourceTree = "<group>"; };
		D6BA91D72700898600E75C7F /* TreeType.swift */ = {isa = PBXFileReference; lastKnownFileType = sourcecode.swift; path = TreeType.swift; sourceTree = "<group>"; };
		D6BA91D927008A1B00E75C7F /* Tree.swift */ = {isa = PBXFileReference; lastKnownFileType = sourcecode.swift; path = Tree.swift; sourceTree = "<group>"; };
		D6BA91DB27008A9E00E75C7F /* TreeFactory.swift */ = {isa = PBXFileReference; lastKnownFileType = sourcecode.swift; path = TreeFactory.swift; sourceTree = "<group>"; };
		D6BA91DD27008BE000E75C7F /* Forest.swift */ = {isa = PBXFileReference; lastKnownFileType = sourcecode.swift; path = Forest.swift; sourceTree = "<group>"; };
		D6BA91FB2701907D00E75C7F /* README.md */ = {isa = PBXFileReference; lastKnownFileType = net.daringfireball.markdown; path = README.md; sourceTree = "<group>"; };
		D6BA92002701982D00E75C7F /* VideoProvider.swift */ = {isa = PBXFileReference; lastKnownFileType = sourcecode.swift; path = VideoProvider.swift; sourceTree = "<group>"; };
		D6BA92022702F73500E75C7F /* TencentVideoProvider.swift */ = {isa = PBXFileReference; lastKnownFileType = sourcecode.swift; path = TencentVideoProvider.swift; sourceTree = "<group>"; };
		D6BA92042702F7DC00E75C7F /* CacheVideoProvider.swift */ = {isa = PBXFileReference; lastKnownFileType = sourcecode.swift; path = CacheVideoProvider.swift; sourceTree = "<group>"; };
		D6BA92072703146700E75C7F /* README.md */ = {isa = PBXFileReference; lastKnownFileType = net.daringfireball.markdown; path = README.md; sourceTree = "<group>"; };
		D6BA9234270335D700E75C7F /* Handler.swift */ = {isa = PBXFileReference; lastKnownFileType = sourcecode.swift; path = Handler.swift; sourceTree = "<group>"; };
		D6BA9236270336B200E75C7F /* MonkeyHandler.swift */ = {isa = PBXFileReference; lastKnownFileType = sourcecode.swift; path = MonkeyHandler.swift; sourceTree = "<group>"; };
		D6BA92382703371C00E75C7F /* SquirrelHandler.swift */ = {isa = PBXFileReference; lastKnownFileType = sourcecode.swift; path = SquirrelHandler.swift; sourceTree = "<group>"; };
		D6BA923A2703376E00E75C7F /* DogHandler.swift */ = {isa = PBXFileReference; lastKnownFileType = sourcecode.swift; path = DogHandler.swift; sourceTree = "<group>"; };
		D6BA923D27040A6100E75C7F /* Command.swift */ = {isa = PBXFileReference; lastKnownFileType = sourcecode.swift; path = Command.swift; sourceTree = "<group>"; };
		D6BA923F27040B1900E75C7F /* SimpleCommand.swift */ = {isa = PBXFileReference; lastKnownFileType = sourcecode.swift; path = SimpleCommand.swift; sourceTree = "<group>"; };
		D6BA924127040C1D00E75C7F /* ComplexCommand.swift */ = {isa = PBXFileReference; lastKnownFileType = sourcecode.swift; path = ComplexCommand.swift; sourceTree = "<group>"; };
		D6BA924327040CE100E75C7F /* Receiver.swift */ = {isa = PBXFileReference; lastKnownFileType = sourcecode.swift; path = Receiver.swift; sourceTree = "<group>"; };
		D6BAC6A326E1EA51004FB3F0 /* README.md */ = {isa = PBXFileReference; lastKnownFileType = net.daringfireball.markdown; path = README.md; sourceTree = "<group>"; };
		D6BAC6A426E1EB9A004FB3F0 /* Graphic.swift */ = {isa = PBXFileReference; lastKnownFileType = sourcecode.swift; path = Graphic.swift; sourceTree = "<group>"; };
		D6BAC6A626E1EBE0004FB3F0 /* Dot.swift */ = {isa = PBXFileReference; lastKnownFileType = sourcecode.swift; path = Dot.swift; sourceTree = "<group>"; };
		D6BAC6A826E1EC5D004FB3F0 /* GCircle.swift */ = {isa = PBXFileReference; lastKnownFileType = sourcecode.swift; path = GCircle.swift; sourceTree = "<group>"; };
		D6BAC6AA26E1ECFD004FB3F0 /* GraphicContainer.swift */ = {isa = PBXFileReference; lastKnownFileType = sourcecode.swift; path = GraphicContainer.swift; sourceTree = "<group>"; };
		D6BAC6AC26E1F35D004FB3F0 /* Editor.swift */ = {isa = PBXFileReference; lastKnownFileType = sourcecode.swift; path = Editor.swift; sourceTree = "<group>"; };
		D6C5F1F026E0CA9E0041D621 /* README.md */ = {isa = PBXFileReference; lastKnownFileType = net.daringfireball.markdown; path = README.md; sourceTree = "<group>"; };
		D6C5F1F326E0CF120041D621 /* Shape.swift */ = {isa = PBXFileReference; lastKnownFileType = sourcecode.swift; path = Shape.swift; sourceTree = "<group>"; };
		D6C5F1F526E0CF940041D621 /* Color.swift */ = {isa = PBXFileReference; lastKnownFileType = sourcecode.swift; path = Color.swift; sourceTree = "<group>"; };
		D6C5F1F726E0CFDE0041D621 /* Square.swift */ = {isa = PBXFileReference; lastKnownFileType = sourcecode.swift; path = Square.swift; sourceTree = "<group>"; };
		D6C5F1F926E0CFFC0041D621 /* RedColor.swift */ = {isa = PBXFileReference; lastKnownFileType = sourcecode.swift; path = RedColor.swift; sourceTree = "<group>"; };
		D6C5F1FB26E0D0A80041D621 /* Circle.swift */ = {isa = PBXFileReference; lastKnownFileType = sourcecode.swift; path = Circle.swift; sourceTree = "<group>"; };
		D6C5F1FD26E0D10E0041D621 /* BlueColor.swift */ = {isa = PBXFileReference; lastKnownFileType = sourcecode.swift; path = BlueColor.swift; sourceTree = "<group>"; };
		D6EA0AB226D5EC0D00C8B871 /* README.md */ = {isa = PBXFileReference; lastKnownFileType = net.daringfireball.markdown; path = README.md; sourceTree = "<group>"; };
		D6EA0AB326D5EC5000C8B871 /* Creator.swift */ = {isa = PBXFileReference; lastKnownFileType = sourcecode.swift; path = Creator.swift; sourceTree = "<group>"; };
		D6EA0AB526D5EC8500C8B871 /* Product.swift */ = {isa = PBXFileReference; lastKnownFileType = sourcecode.swift; path = Product.swift; sourceTree = "<group>"; };
		D6EA0AB726D5ECFF00C8B871 /* ConcreteCreator1.swift */ = {isa = PBXFileReference; lastKnownFileType = sourcecode.swift; path = ConcreteCreator1.swift; sourceTree = "<group>"; };
		D6EA0AB926D5ED3A00C8B871 /* ConcreteProduct1.swift */ = {isa = PBXFileReference; lastKnownFileType = sourcecode.swift; path = ConcreteProduct1.swift; sourceTree = "<group>"; };
		D6EA0ABB26D5EDF800C8B871 /* ConcreteCreator2.swift */ = {isa = PBXFileReference; lastKnownFileType = sourcecode.swift; path = ConcreteCreator2.swift; sourceTree = "<group>"; };
		D6EA0ABD26D5EE1700C8B871 /* ConcreteProduct2.swift */ = {isa = PBXFileReference; lastKnownFileType = sourcecode.swift; path = ConcreteProduct2.swift; sourceTree = "<group>"; };
		D6EA0ABF26D5EED000C8B871 /* Client.swift */ = {isa = PBXFileReference; lastKnownFileType = sourcecode.swift; path = Client.swift; sourceTree = "<group>"; };
		D6EA0AC226D75BB400C8B871 /* README.md */ = {isa = PBXFileReference; lastKnownFileType = net.daringfireball.markdown; path = README.md; sourceTree = "<group>"; };
		D6EA0AC326D75E1E00C8B871 /* Chair.swift */ = {isa = PBXFileReference; lastKnownFileType = sourcecode.swift; path = Chair.swift; sourceTree = "<group>"; };
		D6EA0AC526D75E5F00C8B871 /* Sofa.swift */ = {isa = PBXFileReference; lastKnownFileType = sourcecode.swift; path = Sofa.swift; sourceTree = "<group>"; };
		D6EA0AC726D75ED900C8B871 /* FurnitureFactory.swift */ = {isa = PBXFileReference; lastKnownFileType = sourcecode.swift; path = FurnitureFactory.swift; sourceTree = "<group>"; };
		D6EA0AC926D762AD00C8B871 /* ModernChair.swift */ = {isa = PBXFileReference; lastKnownFileType = sourcecode.swift; path = ModernChair.swift; sourceTree = "<group>"; };
		D6EA0ACB26D762F200C8B871 /* ModernSofa.swift */ = {isa = PBXFileReference; lastKnownFileType = sourcecode.swift; path = ModernSofa.swift; sourceTree = "<group>"; };
		D6EA0ACD26D7634900C8B871 /* ModernStyleFurnitureFactory.swift */ = {isa = PBXFileReference; lastKnownFileType = sourcecode.swift; path = ModernStyleFurnitureFactory.swift; sourceTree = "<group>"; };
		D6EA0ACF26D763C300C8B871 /* ChineseChair.swift */ = {isa = PBXFileReference; lastKnownFileType = sourcecode.swift; path = ChineseChair.swift; sourceTree = "<group>"; };
		D6EA0AD126D7640000C8B871 /* ChineseSofa.swift */ = {isa = PBXFileReference; lastKnownFileType = sourcecode.swift; path = ChineseSofa.swift; sourceTree = "<group>"; };
		D6EA0AD326D7643300C8B871 /* ChineseStyleFurnitureFactory.swift */ = {isa = PBXFileReference; lastKnownFileType = sourcecode.swift; path = ChineseStyleFurnitureFactory.swift; sourceTree = "<group>"; };
		D6EA0AD526D7647F00C8B871 /* XXXChair.swift */ = {isa = PBXFileReference; lastKnownFileType = sourcecode.swift; path = XXXChair.swift; sourceTree = "<group>"; };
		D6EA0AD726D764BE00C8B871 /* XXXSofa.swift */ = {isa = PBXFileReference; lastKnownFileType = sourcecode.swift; path = XXXSofa.swift; sourceTree = "<group>"; };
		D6EA0AD926D7650200C8B871 /* XXXStyleFurnitureFactory.swift */ = {isa = PBXFileReference; lastKnownFileType = sourcecode.swift; path = XXXStyleFurnitureFactory.swift; sourceTree = "<group>"; };
		D6EA0ADC26D8A97300C8B871 /* README.md */ = {isa = PBXFileReference; lastKnownFileType = net.daringfireball.markdown; path = README.md; sourceTree = "<group>"; };
		D6EA0ADD26D8AF9E00C8B871 /* HouseBuilder.swift */ = {isa = PBXFileReference; lastKnownFileType = sourcecode.swift; path = HouseBuilder.swift; sourceTree = "<group>"; };
		D6EA0ADF26D8B03A00C8B871 /* House.swift */ = {isa = PBXFileReference; lastKnownFileType = sourcecode.swift; path = House.swift; sourceTree = "<group>"; };
		D6EA0AE126D8EED300C8B871 /* SmallHouseBuilder.swift */ = {isa = PBXFileReference; lastKnownFileType = sourcecode.swift; path = SmallHouseBuilder.swift; sourceTree = "<group>"; };
		D6EA0AE326D8EF2F00C8B871 /* SmallHouse.swift */ = {isa = PBXFileReference; lastKnownFileType = sourcecode.swift; path = SmallHouse.swift; sourceTree = "<group>"; };
		D6EA0AE526D8F09200C8B871 /* PalaceBuilder.swift */ = {isa = PBXFileReference; lastKnownFileType = sourcecode.swift; path = PalaceBuilder.swift; sourceTree = "<group>"; };
		D6EA0AE726D8F0B400C8B871 /* Palace.swift */ = {isa = PBXFileReference; lastKnownFileType = sourcecode.swift; path = Palace.swift; sourceTree = "<group>"; };
		D6EA0AE926D904CB00C8B871 /* Director.swift */ = {isa = PBXFileReference; lastKnownFileType = sourcecode.swift; path = Director.swift; sourceTree = "<group>"; };
		D6EA0AEF26DC73CD00C8B871 /* README.md */ = {isa = PBXFileReference; lastKnownFileType = net.daringfireball.markdown; path = README.md; sourceTree = "<group>"; };
		D6EA0AF026DC7CCE00C8B871 /* Animal.swift */ = {isa = PBXFileReference; lastKnownFileType = sourcecode.swift; path = Animal.swift; sourceTree = "<group>"; };
		D6EA0AF226DC7E0200C8B871 /* Cat.swift */ = {isa = PBXFileReference; lastKnownFileType = sourcecode.swift; path = Cat.swift; sourceTree = "<group>"; };
		D6EA0AF526DCAB8E00C8B871 /* README.md */ = {isa = PBXFileReference; lastKnownFileType = net.daringfireball.markdown; path = README.md; sourceTree = "<group>"; };
		D6EA0AF626DCAD0A00C8B871 /* Singleton.swift */ = {isa = PBXFileReference; lastKnownFileType = sourcecode.swift; path = Singleton.swift; sourceTree = "<group>"; };
		D6EA0B2A26DF3F6600C8B871 /* README.md */ = {isa = PBXFileReference; lastKnownFileType = net.daringfireball.markdown; path = README.md; sourceTree = "<group>"; };
		D6EA0B2B26DF407100C8B871 /* XMLProcesser.swift */ = {isa = PBXFileReference; lastKnownFileType = sourcecode.swift; path = XMLProcesser.swift; sourceTree = "<group>"; };
		D6EA0B2D26DF411500C8B871 /* XMLAnalyzer.swift */ = {isa = PBXFileReference; lastKnownFileType = sourcecode.swift; path = XMLAnalyzer.swift; sourceTree = "<group>"; };
		D6EA0B2F26DF427000C8B871 /* JSONService.swift */ = {isa = PBXFileReference; lastKnownFileType = sourcecode.swift; path = JSONService.swift; sourceTree = "<group>"; };
		D6EA0B3126DF447300C8B871 /* JSONServiceAdapter.swift */ = {isa = PBXFileReference; lastKnownFileType = sourcecode.swift; path = JSONServiceAdapter.swift; sourceTree = "<group>"; };
/* End PBXFileReference section */

/* Begin PBXFrameworksBuildPhase section */
		D646A42E26D5DBAC005876F3 /* Frameworks */ = {
			isa = PBXFrameworksBuildPhase;
			buildActionMask = 2147483647;
			files = (
			);
			runOnlyForDeploymentPostprocessing = 0;
		};
		D646A44026D5DBAD005876F3 /* Frameworks */ = {
			isa = PBXFrameworksBuildPhase;
			buildActionMask = 2147483647;
			files = (
			);
			runOnlyForDeploymentPostprocessing = 0;
		};
		D646A44B26D5DBAD005876F3 /* Frameworks */ = {
			isa = PBXFrameworksBuildPhase;
			buildActionMask = 2147483647;
			files = (
			);
			runOnlyForDeploymentPostprocessing = 0;
		};
/* End PBXFrameworksBuildPhase section */

/* Begin PBXGroup section */
		D61CFC6A26F4567D00A325ED /* Decorator */ = {
			isa = PBXGroup;
			children = (
				D630AADB26FB774900D5ECC0 /* README.md */,
				D61CFC6B26F459A900A325ED /* Notifier */,
			);
			path = Decorator;
			sourceTree = "<group>";
		};
		D61CFC6B26F459A900A325ED /* Notifier */ = {
			isa = PBXGroup;
			children = (
				D61CFC6C26F459BE00A325ED /* Notifier.swift */,
				D61CFC7626F470C300A325ED /* MailNotifier.swift */,
				D61CFC6E26F45A0700A325ED /* BaseDecorator.swift */,
				D61CFC7026F45A9E00A325ED /* SMSDecorator.swift */,
				D61CFC7226F45B2B00A325ED /* WeChatDecorator.swift */,
				D61CFC7426F45B9000A325ED /* QQDecorator.swift */,
			);
			path = Notifier;
			sourceTree = "<group>";
		};
		D632281D27101EF000497EF0 /* Iterator */ = {
			isa = PBXGroup;
			children = (
				D6322820271023A500497EF0 /* README.md */,
				D632281E27101F2100497EF0 /* WordsCollection.swift */,
			);
			path = Iterator;
			sourceTree = "<group>";
		};
		D632285D2710475900497EF0 /* Mediator */ = {
			isa = PBXGroup;
			children = (
				D632285E2710484B00497EF0 /* README.md */,
				D632285F2710587F00497EF0 /* Mediator.swift */,
				D6322861271058CF00497EF0 /* Component.swift */,
				D63228632710598D00497EF0 /* Component1.swift */,
				D632286527105A3300497EF0 /* Component2.swift */,
			);
			path = Mediator;
			sourceTree = "<group>";
		};
		D646A42826D5DBAC005876F3 = {
			isa = PBXGroup;
			children = (
				D646A43326D5DBAC005876F3 /* design-pattern */,
				D646A45126D5DBAD005876F3 /* design-patternUITests */,
				D646A43226D5DBAC005876F3 /* Products */,
			);
			sourceTree = "<group>";
		};
		D646A43226D5DBAC005876F3 /* Products */ = {
			isa = PBXGroup;
			children = (
				D646A43126D5DBAC005876F3 /* design-pattern.app */,
				D646A44326D5DBAD005876F3 /* design-patternTests.xctest */,
				D646A44E26D5DBAD005876F3 /* design-patternUITests.xctest */,
			);
			name = Products;
			sourceTree = "<group>";
		};
		D646A43326D5DBAC005876F3 /* design-pattern */ = {
			isa = PBXGroup;
			children = (
				D6EA0ABF26D5EED000C8B871 /* Client.swift */,
				D6EA0AC126D7590F00C8B871 /* AbstractFactory */,
				D6EA0AB126D5EBDE00C8B871 /* FactoryMethod */,
				D6EA0ADB26D8A95600C8B871 /* Builder */,
				D6EA0AEE26DC737D00C8B871 /* Prototype */,
				D6EA0AF426DCAB6C00C8B871 /* Singleton */,
				D6EA0B2926DF3F4300C8B871 /* Adapter */,
				D6C5F1EF26E0CA6E0041D621 /* Bridge */,
				D6BAC6A226E1EA2B004FB3F0 /* Composite */,
				D61CFC6A26F4567D00A325ED /* Decorator */,
				D6BA91C5270066C400E75C7F /* Facade */,
				D6BA91D52700775600E75C7F /* Flyweight */,
				D6BA91FA2701906800E75C7F /* Proxy */,
				D6BA92062703137A00E75C7F /* ChainOfResponsibility */,
				D6BA923C270409FC00E75C7F /* Command */,
				D632281D27101EF000497EF0 /* Iterator */,
				D632285D2710475900497EF0 /* Mediator */,
				D646A43426D5DBAC005876F3 /* AppDelegate.swift */,
				D646A43626D5DBAC005876F3 /* ViewController.swift */,
				D646A43826D5DBAD005876F3 /* Assets.xcassets */,
				D646A43A26D5DBAD005876F3 /* Main.storyboard */,
				D646A44626D5DBAD005876F3 /* design-patternTests */,
				D646A43D26D5DBAD005876F3 /* Info.plist */,
				D646A43E26D5DBAD005876F3 /* design_pattern.entitlements */,
			);
			path = "design-pattern";
			sourceTree = "<group>";
		};
		D646A44626D5DBAD005876F3 /* design-patternTests */ = {
			isa = PBXGroup;
			children = (
				D646A44726D5DBAD005876F3 /* design_patternTests.swift */,
				D646A44926D5DBAD005876F3 /* Info.plist */,
			);
			path = "design-patternTests";
			sourceTree = "<group>";
		};
		D646A45126D5DBAD005876F3 /* design-patternUITests */ = {
			isa = PBXGroup;
			children = (
				D646A45226D5DBAD005876F3 /* design_patternUITests.swift */,
				D646A45426D5DBAD005876F3 /* Info.plist */,
			);
			path = "design-patternUITests";
			sourceTree = "<group>";
		};
		D6BA91C5270066C400E75C7F /* Facade */ = {
			isa = PBXGroup;
			children = (
				D6BA91C6270067B900E75C7F /* README.md */,
				D6BA91C727006AA400E75C7F /* VideoFile.swift */,
				D6BA91D127006DA600E75C7F /* Codec.swift */,
				D6BA91C927006B2400E75C7F /* OggCompressionCodec.swift */,
				D6BA91CB27006B6500E75C7F /* MPEG4CompressionCodec.swift */,
				D6BA91CD27006B7900E75C7F /* CodecFactory.swift */,
				D6BA91CF27006B8900E75C7F /* BitrateReader.swift */,
				D6BA91D32700709800E75C7F /* VideoConverter.swift */,
			);
			path = Facade;
			sourceTree = "<group>";
		};
		D6BA91D52700775600E75C7F /* Flyweight */ = {
			isa = PBXGroup;
			children = (
				D6BA91D62700890400E75C7F /* README.md */,
				D6BA91D72700898600E75C7F /* TreeType.swift */,
				D6BA91DB27008A9E00E75C7F /* TreeFactory.swift */,
				D6BA91D927008A1B00E75C7F /* Tree.swift */,
				D6BA91DD27008BE000E75C7F /* Forest.swift */,
			);
			path = Flyweight;
			sourceTree = "<group>";
		};
		D6BA91FA2701906800E75C7F /* Proxy */ = {
			isa = PBXGroup;
			children = (
				D6BA91FB2701907D00E75C7F /* README.md */,
				D6BA92002701982D00E75C7F /* VideoProvider.swift */,
				D6BA92022702F73500E75C7F /* TencentVideoProvider.swift */,
				D6BA92042702F7DC00E75C7F /* CacheVideoProvider.swift */,
			);
			path = Proxy;
			sourceTree = "<group>";
		};
		D6BA92062703137A00E75C7F /* ChainOfResponsibility */ = {
			isa = PBXGroup;
			children = (
				D6BA92072703146700E75C7F /* README.md */,
				D6BA9234270335D700E75C7F /* Handler.swift */,
				D6BA9236270336B200E75C7F /* MonkeyHandler.swift */,
				D6BA92382703371C00E75C7F /* SquirrelHandler.swift */,
				D6BA923A2703376E00E75C7F /* DogHandler.swift */,
			);
			path = ChainOfResponsibility;
			sourceTree = "<group>";
		};
		D6BA923C270409FC00E75C7F /* Command */ = {
			isa = PBXGroup;
			children = (
				D632281C2710161900497EF0 /* README.md */,
				D6BA923D27040A6100E75C7F /* Command.swift */,
				D6BA923F27040B1900E75C7F /* SimpleCommand.swift */,
				D6BA924127040C1D00E75C7F /* ComplexCommand.swift */,
				D6BA924327040CE100E75C7F /* Receiver.swift */,
				D632281A2710090700497EF0 /* Invoker.swift */,
			);
			path = Command;
			sourceTree = "<group>";
		};
		D6BAC6A226E1EA2B004FB3F0 /* Composite */ = {
			isa = PBXGroup;
			children = (
				D6BAC6A326E1EA51004FB3F0 /* README.md */,
				D6BAC6A426E1EB9A004FB3F0 /* Graphic.swift */,
				D6BAC6A626E1EBE0004FB3F0 /* Dot.swift */,
				D6BAC6A826E1EC5D004FB3F0 /* GCircle.swift */,
				D6BAC6AA26E1ECFD004FB3F0 /* GraphicContainer.swift */,
				D6BAC6AC26E1F35D004FB3F0 /* Editor.swift */,
			);
			path = Composite;
			sourceTree = "<group>";
		};
		D6C5F1EF26E0CA6E0041D621 /* Bridge */ = {
			isa = PBXGroup;
			children = (
				D6C5F1F026E0CA9E0041D621 /* README.md */,
				D6C5F1F326E0CF120041D621 /* Shape.swift */,
				D6C5F1F726E0CFDE0041D621 /* Square.swift */,
				D6C5F1FB26E0D0A80041D621 /* Circle.swift */,
				D6C5F1F526E0CF940041D621 /* Color.swift */,
				D6C5F1F926E0CFFC0041D621 /* RedColor.swift */,
				D6C5F1FD26E0D10E0041D621 /* BlueColor.swift */,
			);
			path = Bridge;
			sourceTree = "<group>";
		};
		D6EA0AB126D5EBDE00C8B871 /* FactoryMethod */ = {
			isa = PBXGroup;
			children = (
				D6EA0AB226D5EC0D00C8B871 /* README.md */,
				D6EA0AB326D5EC5000C8B871 /* Creator.swift */,
				D6EA0AB726D5ECFF00C8B871 /* ConcreteCreator1.swift */,
				D6EA0ABB26D5EDF800C8B871 /* ConcreteCreator2.swift */,
				D6EA0AB526D5EC8500C8B871 /* Product.swift */,
				D6EA0AB926D5ED3A00C8B871 /* ConcreteProduct1.swift */,
				D6EA0ABD26D5EE1700C8B871 /* ConcreteProduct2.swift */,
			);
			path = FactoryMethod;
			sourceTree = "<group>";
		};
		D6EA0AC126D7590F00C8B871 /* AbstractFactory */ = {
			isa = PBXGroup;
			children = (
				D6EA0AC226D75BB400C8B871 /* README.md */,
				D6EA0AC326D75E1E00C8B871 /* Chair.swift */,
				D6EA0AC926D762AD00C8B871 /* ModernChair.swift */,
				D6EA0ACF26D763C300C8B871 /* ChineseChair.swift */,
				D6EA0AD526D7647F00C8B871 /* XXXChair.swift */,
				D6EA0AC526D75E5F00C8B871 /* Sofa.swift */,
				D6EA0ACB26D762F200C8B871 /* ModernSofa.swift */,
				D6EA0AD126D7640000C8B871 /* ChineseSofa.swift */,
				D6EA0AD726D764BE00C8B871 /* XXXSofa.swift */,
				D6EA0AC726D75ED900C8B871 /* FurnitureFactory.swift */,
				D6EA0ACD26D7634900C8B871 /* ModernStyleFurnitureFactory.swift */,
				D6EA0AD326D7643300C8B871 /* ChineseStyleFurnitureFactory.swift */,
				D6EA0AD926D7650200C8B871 /* XXXStyleFurnitureFactory.swift */,
			);
			path = AbstractFactory;
			sourceTree = "<group>";
		};
		D6EA0ADB26D8A95600C8B871 /* Builder */ = {
			isa = PBXGroup;
			children = (
				D6EA0ADC26D8A97300C8B871 /* README.md */,
				D6EA0ADD26D8AF9E00C8B871 /* HouseBuilder.swift */,
				D6EA0AE126D8EED300C8B871 /* SmallHouseBuilder.swift */,
				D6EA0AE526D8F09200C8B871 /* PalaceBuilder.swift */,
				D6EA0ADF26D8B03A00C8B871 /* House.swift */,
				D6EA0AE326D8EF2F00C8B871 /* SmallHouse.swift */,
				D6EA0AE726D8F0B400C8B871 /* Palace.swift */,
				D6EA0AE926D904CB00C8B871 /* Director.swift */,
			);
			path = Builder;
			sourceTree = "<group>";
		};
		D6EA0AEE26DC737D00C8B871 /* Prototype */ = {
			isa = PBXGroup;
			children = (
				D6EA0AEF26DC73CD00C8B871 /* README.md */,
				D6EA0AF026DC7CCE00C8B871 /* Animal.swift */,
				D6EA0AF226DC7E0200C8B871 /* Cat.swift */,
			);
			path = Prototype;
			sourceTree = "<group>";
		};
		D6EA0AF426DCAB6C00C8B871 /* Singleton */ = {
			isa = PBXGroup;
			children = (
				D6EA0AF526DCAB8E00C8B871 /* README.md */,
				D6EA0AF626DCAD0A00C8B871 /* Singleton.swift */,
			);
			path = Singleton;
			sourceTree = "<group>";
		};
		D6EA0B2926DF3F4300C8B871 /* Adapter */ = {
			isa = PBXGroup;
			children = (
				D6EA0B2A26DF3F6600C8B871 /* README.md */,
				D6EA0B2B26DF407100C8B871 /* XMLProcesser.swift */,
				D6EA0B2D26DF411500C8B871 /* XMLAnalyzer.swift */,
				D6EA0B3126DF447300C8B871 /* JSONServiceAdapter.swift */,
				D6EA0B2F26DF427000C8B871 /* JSONService.swift */,
			);
			path = Adapter;
			sourceTree = "<group>";
		};
/* End PBXGroup section */

/* Begin PBXNativeTarget section */
		D646A43026D5DBAC005876F3 /* design-pattern */ = {
			isa = PBXNativeTarget;
			buildConfigurationList = D646A45726D5DBAD005876F3 /* Build configuration list for PBXNativeTarget "design-pattern" */;
			buildPhases = (
				D646A42D26D5DBAC005876F3 /* Sources */,
				D646A42E26D5DBAC005876F3 /* Frameworks */,
				D646A42F26D5DBAC005876F3 /* Resources */,
			);
			buildRules = (
			);
			dependencies = (
			);
			name = "design-pattern";
			productName = "design-pattern";
			productReference = D646A43126D5DBAC005876F3 /* design-pattern.app */;
			productType = "com.apple.product-type.application";
		};
		D646A44226D5DBAD005876F3 /* design-patternTests */ = {
			isa = PBXNativeTarget;
			buildConfigurationList = D646A45A26D5DBAD005876F3 /* Build configuration list for PBXNativeTarget "design-patternTests" */;
			buildPhases = (
				D646A43F26D5DBAD005876F3 /* Sources */,
				D646A44026D5DBAD005876F3 /* Frameworks */,
				D646A44126D5DBAD005876F3 /* Resources */,
			);
			buildRules = (
			);
			dependencies = (
				D646A44526D5DBAD005876F3 /* PBXTargetDependency */,
			);
			name = "design-patternTests";
			productName = "design-patternTests";
			productReference = D646A44326D5DBAD005876F3 /* design-patternTests.xctest */;
			productType = "com.apple.product-type.bundle.unit-test";
		};
		D646A44D26D5DBAD005876F3 /* design-patternUITests */ = {
			isa = PBXNativeTarget;
			buildConfigurationList = D646A45D26D5DBAD005876F3 /* Build configuration list for PBXNativeTarget "design-patternUITests" */;
			buildPhases = (
				D646A44A26D5DBAD005876F3 /* Sources */,
				D646A44B26D5DBAD005876F3 /* Frameworks */,
				D646A44C26D5DBAD005876F3 /* Resources */,
			);
			buildRules = (
			);
			dependencies = (
				D646A45026D5DBAD005876F3 /* PBXTargetDependency */,
			);
			name = "design-patternUITests";
			productName = "design-patternUITests";
			productReference = D646A44E26D5DBAD005876F3 /* design-patternUITests.xctest */;
			productType = "com.apple.product-type.bundle.ui-testing";
		};
/* End PBXNativeTarget section */

/* Begin PBXProject section */
		D646A42926D5DBAC005876F3 /* Project object */ = {
			isa = PBXProject;
			attributes = {
				LastSwiftUpdateCheck = 1250;
				LastUpgradeCheck = 1300;
				TargetAttributes = {
					D646A43026D5DBAC005876F3 = {
						CreatedOnToolsVersion = 12.5.1;
					};
					D646A44226D5DBAD005876F3 = {
						CreatedOnToolsVersion = 12.5.1;
						TestTargetID = D646A43026D5DBAC005876F3;
					};
					D646A44D26D5DBAD005876F3 = {
						CreatedOnToolsVersion = 12.5.1;
						TestTargetID = D646A43026D5DBAC005876F3;
					};
				};
			};
			buildConfigurationList = D646A42C26D5DBAC005876F3 /* Build configuration list for PBXProject "design-pattern" */;
			compatibilityVersion = "Xcode 9.3";
			developmentRegion = en;
			hasScannedForEncodings = 0;
			knownRegions = (
				en,
				Base,
			);
			mainGroup = D646A42826D5DBAC005876F3;
			productRefGroup = D646A43226D5DBAC005876F3 /* Products */;
			projectDirPath = "";
			projectRoot = "";
			targets = (
				D646A43026D5DBAC005876F3 /* design-pattern */,
				D646A44226D5DBAD005876F3 /* design-patternTests */,
				D646A44D26D5DBAD005876F3 /* design-patternUITests */,
			);
		};
/* End PBXProject section */

/* Begin PBXResourcesBuildPhase section */
		D646A42F26D5DBAC005876F3 /* Resources */ = {
			isa = PBXResourcesBuildPhase;
			buildActionMask = 2147483647;
			files = (
				D646A43926D5DBAD005876F3 /* Assets.xcassets in Resources */,
				D646A43C26D5DBAD005876F3 /* Main.storyboard in Resources */,
			);
			runOnlyForDeploymentPostprocessing = 0;
		};
		D646A44126D5DBAD005876F3 /* Resources */ = {
			isa = PBXResourcesBuildPhase;
			buildActionMask = 2147483647;
			files = (
			);
			runOnlyForDeploymentPostprocessing = 0;
		};
		D646A44C26D5DBAD005876F3 /* Resources */ = {
			isa = PBXResourcesBuildPhase;
			buildActionMask = 2147483647;
			files = (
			);
			runOnlyForDeploymentPostprocessing = 0;
		};
/* End PBXResourcesBuildPhase section */

/* Begin PBXSourcesBuildPhase section */
		D646A42D26D5DBAC005876F3 /* Sources */ = {
			isa = PBXSourcesBuildPhase;
			buildActionMask = 2147483647;
			files = (
				D6BAC6A526E1EB9A004FB3F0 /* Graphic.swift in Sources */,
				D6EA0AC626D75E5F00C8B871 /* Sofa.swift in Sources */,
				D6BAC6AD26E1F35D004FB3F0 /* Editor.swift in Sources */,
				D63228642710598D00497EF0 /* Component1.swift in Sources */,
				D6EA0ADA26D7650200C8B871 /* XXXStyleFurnitureFactory.swift in Sources */,
				D6C5F1FA26E0CFFC0041D621 /* RedColor.swift in Sources */,
				D6C5F1FE26E0D10E0041D621 /* BlueColor.swift in Sources */,
				D6BA91C827006AA400E75C7F /* VideoFile.swift in Sources */,
				D6BA924027040B1900E75C7F /* SimpleCommand.swift in Sources */,
				D6EA0AF326DC7E0200C8B871 /* Cat.swift in Sources */,
				D6EA0AF726DCAD0A00C8B871 /* Singleton.swift in Sources */,
				D6EA0AD226D7640000C8B871 /* ChineseSofa.swift in Sources */,
				D6BA91D42700709800E75C7F /* VideoConverter.swift in Sources */,
				D6BA91DA27008A1B00E75C7F /* Tree.swift in Sources */,
				D6BAC6A726E1EBE0004FB3F0 /* Dot.swift in Sources */,
				D6EA0B2E26DF411500C8B871 /* XMLAnalyzer.swift in Sources */,
				D632281F27101F2100497EF0 /* WordsCollection.swift in Sources */,
				D6BA91D227006DA700E75C7F /* Codec.swift in Sources */,
				D6EA0AF126DC7CCE00C8B871 /* Animal.swift in Sources */,
				D6BA91DC27008A9E00E75C7F /* TreeFactory.swift in Sources */,
				D6322862271058CF00497EF0 /* Component.swift in Sources */,
				D61CFC7726F470C300A325ED /* MailNotifier.swift in Sources */,
				D61CFC6F26F45A0700A325ED /* BaseDecorator.swift in Sources */,
				D6BA9237270336B200E75C7F /* MonkeyHandler.swift in Sources */,
				D6BA924227040C1D00E75C7F /* ComplexCommand.swift in Sources */,
				D61CFC7326F45B2B00A325ED /* WeChatDecorator.swift in Sources */,
				D6EA0AC826D75ED900C8B871 /* FurnitureFactory.swift in Sources */,
				D6BA91D82700898600E75C7F /* TreeType.swift in Sources */,
				D6EA0AE026D8B03A00C8B871 /* House.swift in Sources */,
				D6EA0AB426D5EC5000C8B871 /* Creator.swift in Sources */,
				D6C5F1F626E0CF940041D621 /* Color.swift in Sources */,
				D6EA0AE226D8EED300C8B871 /* SmallHouseBuilder.swift in Sources */,
				D6BA923B2703376E00E75C7F /* DogHandler.swift in Sources */,
				D6EA0AE626D8F09200C8B871 /* PalaceBuilder.swift in Sources */,
				D6BAC6A926E1EC5D004FB3F0 /* GCircle.swift in Sources */,
				D6EA0AE426D8EF2F00C8B871 /* SmallHouse.swift in Sources */,
				D6EA0AEA26D904CB00C8B871 /* Director.swift in Sources */,
				D6BA91CC27006B6500E75C7F /* MPEG4CompressionCodec.swift in Sources */,
				D61CFC7126F45A9E00A325ED /* SMSDecorator.swift in Sources */,
				D61CFC7526F45B9000A325ED /* QQDecorator.swift in Sources */,
				D6BA91D027006B8900E75C7F /* BitrateReader.swift in Sources */,
				D6EA0AD026D763C300C8B871 /* ChineseChair.swift in Sources */,
				D6C5F1F826E0CFDE0041D621 /* Square.swift in Sources */,
				D6EA0ADE26D8AF9E00C8B871 /* HouseBuilder.swift in Sources */,
				D6BA92052702F7DC00E75C7F /* CacheVideoProvider.swift in Sources */,
				D6BA9235270335D700E75C7F /* Handler.swift in Sources */,
				D6BA923E27040A6100E75C7F /* Command.swift in Sources */,
				D632281B2710090700497EF0 /* Invoker.swift in Sources */,
				D632286627105A3300497EF0 /* Component2.swift in Sources */,
				D6BAC6AB26E1ECFD004FB3F0 /* GraphicContainer.swift in Sources */,
				D6EA0ACC26D762F200C8B871 /* ModernSofa.swift in Sources */,
				D6EA0B3026DF427000C8B871 /* JSONService.swift in Sources */,
				D6BA92392703371C00E75C7F /* SquirrelHandler.swift in Sources */,
				D6EA0AB626D5EC8500C8B871 /* Product.swift in Sources */,
				D6BA91CE27006B7900E75C7F /* CodecFactory.swift in Sources */,
				D6BA924427040CE100E75C7F /* Receiver.swift in Sources */,
				D646A43726D5DBAC005876F3 /* ViewController.swift in Sources */,
				D646A43526D5DBAC005876F3 /* AppDelegate.swift in Sources */,
				D6EA0ABA26D5ED3A00C8B871 /* ConcreteProduct1.swift in Sources */,
				D6C5F1FC26E0D0A80041D621 /* Circle.swift in Sources */,
				D6EA0B2C26DF407100C8B871 /* XMLProcesser.swift in Sources */,
				D6EA0ACA26D762AD00C8B871 /* ModernChair.swift in Sources */,
				D6BA92012701982D00E75C7F /* VideoProvider.swift in Sources */,
				D6EA0AD426D7643300C8B871 /* ChineseStyleFurnitureFactory.swift in Sources */,
				D6BA92032702F73500E75C7F /* TencentVideoProvider.swift in Sources */,
				D6BA91CA27006B2400E75C7F /* OggCompressionCodec.swift in Sources */,
				D61CFC6D26F459BE00A325ED /* Notifier.swift in Sources */,
				D6EA0B3226DF447300C8B871 /* JSONServiceAdapter.swift in Sources */,
				D6EA0ACE26D7634900C8B871 /* ModernStyleFurnitureFactory.swift in Sources */,
				D6EA0AD826D764BE00C8B871 /* XXXSofa.swift in Sources */,
				D6EA0AB826D5ECFF00C8B871 /* ConcreteCreator1.swift in Sources */,
				D6EA0ABC26D5EDF800C8B871 /* ConcreteCreator2.swift in Sources */,
				D63228602710587F00497EF0 /* Mediator.swift in Sources */,
				D6EA0AD626D7647F00C8B871 /* XXXChair.swift in Sources */,
				D6C5F1F426E0CF120041D621 /* Shape.swift in Sources */,
				D6EA0ABE26D5EE1700C8B871 /* ConcreteProduct2.swift in Sources */,
				D6EA0AE826D8F0B400C8B871 /* Palace.swift in Sources */,
				D6BA91DE27008BE000E75C7F /* Forest.swift in Sources */,
				D6EA0AC026D5EED000C8B871 /* Client.swift in Sources */,
				D6EA0AC426D75E1E00C8B871 /* Chair.swift in Sources */,
			);
			runOnlyForDeploymentPostprocessing = 0;
		};
		D646A43F26D5DBAD005876F3 /* Sources */ = {
			isa = PBXSourcesBuildPhase;
			buildActionMask = 2147483647;
			files = (
				D646A44826D5DBAD005876F3 /* design_patternTests.swift in Sources */,
			);
			runOnlyForDeploymentPostprocessing = 0;
		};
		D646A44A26D5DBAD005876F3 /* Sources */ = {
			isa = PBXSourcesBuildPhase;
			buildActionMask = 2147483647;
			files = (
				D646A45326D5DBAD005876F3 /* design_patternUITests.swift in Sources */,
			);
			runOnlyForDeploymentPostprocessing = 0;
		};
/* End PBXSourcesBuildPhase section */

/* Begin PBXTargetDependency section */
		D646A44526D5DBAD005876F3 /* PBXTargetDependency */ = {
			isa = PBXTargetDependency;
			target = D646A43026D5DBAC005876F3 /* design-pattern */;
			targetProxy = D646A44426D5DBAD005876F3 /* PBXContainerItemProxy */;
		};
		D646A45026D5DBAD005876F3 /* PBXTargetDependency */ = {
			isa = PBXTargetDependency;
			target = D646A43026D5DBAC005876F3 /* design-pattern */;
			targetProxy = D646A44F26D5DBAD005876F3 /* PBXContainerItemProxy */;
		};
/* End PBXTargetDependency section */

/* Begin PBXVariantGroup section */
		D646A43A26D5DBAD005876F3 /* Main.storyboard */ = {
			isa = PBXVariantGroup;
			children = (
				D646A43B26D5DBAD005876F3 /* Base */,
			);
			name = Main.storyboard;
			sourceTree = "<group>";
		};
/* End PBXVariantGroup section */

/* Begin XCBuildConfiguration section */
		D646A45526D5DBAD005876F3 /* Debug */ = {
			isa = XCBuildConfiguration;
			buildSettings = {
				ALWAYS_SEARCH_USER_PATHS = NO;
				CLANG_ANALYZER_NONNULL = YES;
				CLANG_ANALYZER_NUMBER_OBJECT_CONVERSION = YES_AGGRESSIVE;
				CLANG_CXX_LANGUAGE_STANDARD = "gnu++14";
				CLANG_CXX_LIBRARY = "libc++";
				CLANG_ENABLE_MODULES = YES;
				CLANG_ENABLE_OBJC_ARC = YES;
				CLANG_ENABLE_OBJC_WEAK = YES;
				CLANG_WARN_BLOCK_CAPTURE_AUTORELEASING = YES;
				CLANG_WARN_BOOL_CONVERSION = YES;
				CLANG_WARN_COMMA = YES;
				CLANG_WARN_CONSTANT_CONVERSION = YES;
				CLANG_WARN_DEPRECATED_OBJC_IMPLEMENTATIONS = YES;
				CLANG_WARN_DIRECT_OBJC_ISA_USAGE = YES_ERROR;
				CLANG_WARN_DOCUMENTATION_COMMENTS = YES;
				CLANG_WARN_EMPTY_BODY = YES;
				CLANG_WARN_ENUM_CONVERSION = YES;
				CLANG_WARN_INFINITE_RECURSION = YES;
				CLANG_WARN_INT_CONVERSION = YES;
				CLANG_WARN_NON_LITERAL_NULL_CONVERSION = YES;
				CLANG_WARN_OBJC_IMPLICIT_RETAIN_SELF = YES;
				CLANG_WARN_OBJC_LITERAL_CONVERSION = YES;
				CLANG_WARN_OBJC_ROOT_CLASS = YES_ERROR;
				CLANG_WARN_QUOTED_INCLUDE_IN_FRAMEWORK_HEADER = YES;
				CLANG_WARN_RANGE_LOOP_ANALYSIS = YES;
				CLANG_WARN_STRICT_PROTOTYPES = YES;
				CLANG_WARN_SUSPICIOUS_MOVE = YES;
				CLANG_WARN_UNGUARDED_AVAILABILITY = YES_AGGRESSIVE;
				CLANG_WARN_UNREACHABLE_CODE = YES;
				CLANG_WARN__DUPLICATE_METHOD_MATCH = YES;
				COPY_PHASE_STRIP = NO;
				DEBUG_INFORMATION_FORMAT = dwarf;
				ENABLE_STRICT_OBJC_MSGSEND = YES;
				ENABLE_TESTABILITY = YES;
				GCC_C_LANGUAGE_STANDARD = gnu11;
				GCC_DYNAMIC_NO_PIC = NO;
				GCC_NO_COMMON_BLOCKS = YES;
				GCC_OPTIMIZATION_LEVEL = 0;
				GCC_PREPROCESSOR_DEFINITIONS = (
					"DEBUG=1",
					"$(inherited)",
				);
				GCC_WARN_64_TO_32_BIT_CONVERSION = YES;
				GCC_WARN_ABOUT_RETURN_TYPE = YES_ERROR;
				GCC_WARN_UNDECLARED_SELECTOR = YES;
				GCC_WARN_UNINITIALIZED_AUTOS = YES_AGGRESSIVE;
				GCC_WARN_UNUSED_FUNCTION = YES;
				GCC_WARN_UNUSED_VARIABLE = YES;
				MACOSX_DEPLOYMENT_TARGET = 11.2;
				MTL_ENABLE_DEBUG_INFO = INCLUDE_SOURCE;
				MTL_FAST_MATH = YES;
				ONLY_ACTIVE_ARCH = YES;
				SDKROOT = macosx;
				SWIFT_ACTIVE_COMPILATION_CONDITIONS = DEBUG;
				SWIFT_OPTIMIZATION_LEVEL = "-Onone";
			};
			name = Debug;
		};
		D646A45626D5DBAD005876F3 /* Release */ = {
			isa = XCBuildConfiguration;
			buildSettings = {
				ALWAYS_SEARCH_USER_PATHS = NO;
				CLANG_ANALYZER_NONNULL = YES;
				CLANG_ANALYZER_NUMBER_OBJECT_CONVERSION = YES_AGGRESSIVE;
				CLANG_CXX_LANGUAGE_STANDARD = "gnu++14";
				CLANG_CXX_LIBRARY = "libc++";
				CLANG_ENABLE_MODULES = YES;
				CLANG_ENABLE_OBJC_ARC = YES;
				CLANG_ENABLE_OBJC_WEAK = YES;
				CLANG_WARN_BLOCK_CAPTURE_AUTORELEASING = YES;
				CLANG_WARN_BOOL_CONVERSION = YES;
				CLANG_WARN_COMMA = YES;
				CLANG_WARN_CONSTANT_CONVERSION = YES;
				CLANG_WARN_DEPRECATED_OBJC_IMPLEMENTATIONS = YES;
				CLANG_WARN_DIRECT_OBJC_ISA_USAGE = YES_ERROR;
				CLANG_WARN_DOCUMENTATION_COMMENTS = YES;
				CLANG_WARN_EMPTY_BODY = YES;
				CLANG_WARN_ENUM_CONVERSION = YES;
				CLANG_WARN_INFINITE_RECURSION = YES;
				CLANG_WARN_INT_CONVERSION = YES;
				CLANG_WARN_NON_LITERAL_NULL_CONVERSION = YES;
				CLANG_WARN_OBJC_IMPLICIT_RETAIN_SELF = YES;
				CLANG_WARN_OBJC_LITERAL_CONVERSION = YES;
				CLANG_WARN_OBJC_ROOT_CLASS = YES_ERROR;
				CLANG_WARN_QUOTED_INCLUDE_IN_FRAMEWORK_HEADER = YES;
				CLANG_WARN_RANGE_LOOP_ANALYSIS = YES;
				CLANG_WARN_STRICT_PROTOTYPES = YES;
				CLANG_WARN_SUSPICIOUS_MOVE = YES;
				CLANG_WARN_UNGUARDED_AVAILABILITY = YES_AGGRESSIVE;
				CLANG_WARN_UNREACHABLE_CODE = YES;
				CLANG_WARN__DUPLICATE_METHOD_MATCH = YES;
				COPY_PHASE_STRIP = NO;
				DEBUG_INFORMATION_FORMAT = "dwarf-with-dsym";
				ENABLE_NS_ASSERTIONS = NO;
				ENABLE_STRICT_OBJC_MSGSEND = YES;
				GCC_C_LANGUAGE_STANDARD = gnu11;
				GCC_NO_COMMON_BLOCKS = YES;
				GCC_WARN_64_TO_32_BIT_CONVERSION = YES;
				GCC_WARN_ABOUT_RETURN_TYPE = YES_ERROR;
				GCC_WARN_UNDECLARED_SELECTOR = YES;
				GCC_WARN_UNINITIALIZED_AUTOS = YES_AGGRESSIVE;
				GCC_WARN_UNUSED_FUNCTION = YES;
				GCC_WARN_UNUSED_VARIABLE = YES;
				MACOSX_DEPLOYMENT_TARGET = 11.2;
				MTL_ENABLE_DEBUG_INFO = NO;
				MTL_FAST_MATH = YES;
				SDKROOT = macosx;
				SWIFT_COMPILATION_MODE = wholemodule;
				SWIFT_OPTIMIZATION_LEVEL = "-O";
			};
			name = Release;
		};
		D646A45826D5DBAD005876F3 /* Debug */ = {
			isa = XCBuildConfiguration;
			buildSettings = {
				ASSETCATALOG_COMPILER_APPICON_NAME = AppIcon;
				ASSETCATALOG_COMPILER_GLOBAL_ACCENT_COLOR_NAME = AccentColor;
				CODE_SIGN_ENTITLEMENTS = "design-pattern/design_pattern.entitlements";
				CODE_SIGN_IDENTITY = "-";
				CODE_SIGN_STYLE = Automatic;
				COMBINE_HIDPI_IMAGES = YES;
				DEVELOPMENT_TEAM = 65GEP5SQYY;
				ENABLE_HARDENED_RUNTIME = YES;
				INFOPLIST_FILE = "design-pattern/Info.plist";
				LD_RUNPATH_SEARCH_PATHS = (
					"$(inherited)",
					"@executable_path/../Frameworks",
				);
				PRODUCT_BUNDLE_IDENTIFIER = "cn.stormyang.design-pattern";
				PRODUCT_NAME = "$(TARGET_NAME)";
				SWIFT_VERSION = 5.0;
			};
			name = Debug;
		};
		D646A45926D5DBAD005876F3 /* Release */ = {
			isa = XCBuildConfiguration;
			buildSettings = {
				ASSETCATALOG_COMPILER_APPICON_NAME = AppIcon;
				ASSETCATALOG_COMPILER_GLOBAL_ACCENT_COLOR_NAME = AccentColor;
				CODE_SIGN_ENTITLEMENTS = "design-pattern/design_pattern.entitlements";
				CODE_SIGN_IDENTITY = "-";
				CODE_SIGN_STYLE = Automatic;
				COMBINE_HIDPI_IMAGES = YES;
				DEVELOPMENT_TEAM = 65GEP5SQYY;
				ENABLE_HARDENED_RUNTIME = YES;
				INFOPLIST_FILE = "design-pattern/Info.plist";
				LD_RUNPATH_SEARCH_PATHS = (
					"$(inherited)",
					"@executable_path/../Frameworks",
				);
				PRODUCT_BUNDLE_IDENTIFIER = "cn.stormyang.design-pattern";
				PRODUCT_NAME = "$(TARGET_NAME)";
				SWIFT_VERSION = 5.0;
			};
			name = Release;
		};
		D646A45B26D5DBAD005876F3 /* Debug */ = {
			isa = XCBuildConfiguration;
			buildSettings = {
				ALWAYS_EMBED_SWIFT_STANDARD_LIBRARIES = YES;
				BUNDLE_LOADER = "$(TEST_HOST)";
				CODE_SIGN_STYLE = Automatic;
				COMBINE_HIDPI_IMAGES = YES;
				DEVELOPMENT_TEAM = 65GEP5SQYY;
				INFOPLIST_FILE = "design-patternTests/Info.plist";
				LD_RUNPATH_SEARCH_PATHS = (
					"$(inherited)",
					"@executable_path/../Frameworks",
					"@loader_path/../Frameworks",
				);
				MACOSX_DEPLOYMENT_TARGET = 11.2;
				PRODUCT_BUNDLE_IDENTIFIER = "cn.stormyang.design-patternTests";
				PRODUCT_NAME = "$(TARGET_NAME)";
				SWIFT_VERSION = 5.0;
				TEST_HOST = "$(BUILT_PRODUCTS_DIR)/design-pattern.app/Contents/MacOS/design-pattern";
			};
			name = Debug;
		};
		D646A45C26D5DBAD005876F3 /* Release */ = {
			isa = XCBuildConfiguration;
			buildSettings = {
				ALWAYS_EMBED_SWIFT_STANDARD_LIBRARIES = YES;
				BUNDLE_LOADER = "$(TEST_HOST)";
				CODE_SIGN_STYLE = Automatic;
				COMBINE_HIDPI_IMAGES = YES;
				DEVELOPMENT_TEAM = 65GEP5SQYY;
				INFOPLIST_FILE = "design-patternTests/Info.plist";
				LD_RUNPATH_SEARCH_PATHS = (
					"$(inherited)",
					"@executable_path/../Frameworks",
					"@loader_path/../Frameworks",
				);
				MACOSX_DEPLOYMENT_TARGET = 11.2;
				PRODUCT_BUNDLE_IDENTIFIER = "cn.stormyang.design-patternTests";
				PRODUCT_NAME = "$(TARGET_NAME)";
				SWIFT_VERSION = 5.0;
				TEST_HOST = "$(BUILT_PRODUCTS_DIR)/design-pattern.app/Contents/MacOS/design-pattern";
			};
			name = Release;
		};
		D646A45E26D5DBAD005876F3 /* Debug */ = {
			isa = XCBuildConfiguration;
			buildSettings = {
				ALWAYS_EMBED_SWIFT_STANDARD_LIBRARIES = YES;
				CODE_SIGN_STYLE = Automatic;
				COMBINE_HIDPI_IMAGES = YES;
				DEVELOPMENT_TEAM = 65GEP5SQYY;
				INFOPLIST_FILE = "design-patternUITests/Info.plist";
				LD_RUNPATH_SEARCH_PATHS = (
					"$(inherited)",
					"@executable_path/../Frameworks",
					"@loader_path/../Frameworks",
				);
				PRODUCT_BUNDLE_IDENTIFIER = "cn.stormyang.design-patternUITests";
				PRODUCT_NAME = "$(TARGET_NAME)";
				SWIFT_VERSION = 5.0;
				TEST_TARGET_NAME = "design-pattern";
			};
			name = Debug;
		};
		D646A45F26D5DBAD005876F3 /* Release */ = {
			isa = XCBuildConfiguration;
			buildSettings = {
				ALWAYS_EMBED_SWIFT_STANDARD_LIBRARIES = YES;
				CODE_SIGN_STYLE = Automatic;
				COMBINE_HIDPI_IMAGES = YES;
				DEVELOPMENT_TEAM = 65GEP5SQYY;
				INFOPLIST_FILE = "design-patternUITests/Info.plist";
				LD_RUNPATH_SEARCH_PATHS = (
					"$(inherited)",
					"@executable_path/../Frameworks",
					"@loader_path/../Frameworks",
				);
				PRODUCT_BUNDLE_IDENTIFIER = "cn.stormyang.design-patternUITests";
				PRODUCT_NAME = "$(TARGET_NAME)";
				SWIFT_VERSION = 5.0;
				TEST_TARGET_NAME = "design-pattern";
			};
			name = Release;
		};
/* End XCBuildConfiguration section */

/* Begin XCConfigurationList section */
		D646A42C26D5DBAC005876F3 /* Build configuration list for PBXProject "design-pattern" */ = {
			isa = XCConfigurationList;
			buildConfigurations = (
				D646A45526D5DBAD005876F3 /* Debug */,
				D646A45626D5DBAD005876F3 /* Release */,
			);
			defaultConfigurationIsVisible = 0;
			defaultConfigurationName = Release;
		};
		D646A45726D5DBAD005876F3 /* Build configuration list for PBXNativeTarget "design-pattern" */ = {
			isa = XCConfigurationList;
			buildConfigurations = (
				D646A45826D5DBAD005876F3 /* Debug */,
				D646A45926D5DBAD005876F3 /* Release */,
			);
			defaultConfigurationIsVisible = 0;
			defaultConfigurationName = Release;
		};
		D646A45A26D5DBAD005876F3 /* Build configuration list for PBXNativeTarget "design-patternTests" */ = {
			isa = XCConfigurationList;
			buildConfigurations = (
				D646A45B26D5DBAD005876F3 /* Debug */,
				D646A45C26D5DBAD005876F3 /* Release */,
			);
			defaultConfigurationIsVisible = 0;
			defaultConfigurationName = Release;
		};
		D646A45D26D5DBAD005876F3 /* Build configuration list for PBXNativeTarget "design-patternUITests" */ = {
			isa = XCConfigurationList;
			buildConfigurations = (
				D646A45E26D5DBAD005876F3 /* Debug */,
				D646A45F26D5DBAD005876F3 /* Release */,
			);
			defaultConfigurationIsVisible = 0;
			defaultConfigurationName = Release;
		};
/* End XCConfigurationList section */
	};
	rootObject = D646A42926D5DBAC005876F3 /* Project object */;
}
